// !$*UTF8*$!
{
	archiveVersion = 1;
	classes = {
	};
	objectVersion = 46;
	objects = {

/* Begin PBXBuildFile section */
		1A6DA6861ACFE8F4006D3332 /* UPParcelTracker.m in Sources */ = {isa = PBXBuildFile; fileRef = 1A6DA6851ACFE8F4006D3332 /* UPParcelTracker.m */; };
		1A6DA6881ACFEACE006D3332 /* UPParcelTrackerTests.m in Sources */ = {isa = PBXBuildFile; fileRef = 1A6DA6871ACFEACE006D3332 /* UPParcelTrackerTests.m */; };
		1A6DA68B1ACFF14B006D3332 /* UPParcelTrackerInfo.m in Sources */ = {isa = PBXBuildFile; fileRef = 1A6DA68A1ACFF14B006D3332 /* UPParcelTrackerInfo.m */; };
		1A9783B41AD04CAF008CF2C2 /* XPathQuery.m in Sources */ = {isa = PBXBuildFile; fileRef = 1A9783B31AD04CAE008CF2C2 /* XPathQuery.m */; };
		1A9783B61AD04CD4008CF2C2 /* libxml2.dylib in Frameworks */ = {isa = PBXBuildFile; fileRef = 1A9783B51AD04CD4008CF2C2 /* libxml2.dylib */; };
		1AAEBB211ACFE5E200F7919F /* main.m in Sources */ = {isa = PBXBuildFile; fileRef = 1AAEBB201ACFE5E200F7919F /* main.m */; };
		1AAEBB241ACFE5E200F7919F /* AppDelegate.m in Sources */ = {isa = PBXBuildFile; fileRef = 1AAEBB231ACFE5E200F7919F /* AppDelegate.m */; };
		1AAEBB271ACFE5E200F7919F /* ParcelListViewController.m in Sources */ = {isa = PBXBuildFile; fileRef = 1AAEBB261ACFE5E200F7919F /* ParcelListViewController.m */; };
		1AAEBB2A1ACFE5E200F7919F /* ParcelDetailViewController.m in Sources */ = {isa = PBXBuildFile; fileRef = 1AAEBB291ACFE5E200F7919F /* ParcelDetailViewController.m */; };
		1AAEBB2D1ACFE5E200F7919F /* Main.storyboard in Resources */ = {isa = PBXBuildFile; fileRef = 1AAEBB2B1ACFE5E200F7919F /* Main.storyboard */; };
		1AAEBB2F1ACFE5E200F7919F /* Images.xcassets in Resources */ = {isa = PBXBuildFile; fileRef = 1AAEBB2E1ACFE5E200F7919F /* Images.xcassets */; };
		1AAEBB321ACFE5E200F7919F /* LaunchScreen.xib in Resources */ = {isa = PBXBuildFile; fileRef = 1AAEBB301ACFE5E200F7919F /* LaunchScreen.xib */; };
		1AAEBB3E1ACFE5E200F7919F /* ukrposhta_trackingTests.m in Sources */ = {isa = PBXBuildFile; fileRef = 1AAEBB3D1ACFE5E200F7919F /* ukrposhta_trackingTests.m */; };
		CBF4B6C71AD04E400097ABCA /* UPParcelTrackerOperation.m in Sources */ = {isa = PBXBuildFile; fileRef = CBF4B6C61AD04E400097ABCA /* UPParcelTrackerOperation.m */; };
		CBF4B6CA1AD04FF00097ABCA /* ParcelOperationCell.m in Sources */ = {isa = PBXBuildFile; fileRef = CBF4B6C91AD04FF00097ABCA /* ParcelOperationCell.m */; };
		CBFA60151ACFFC2D00F0E00E /* UPParcelList.m in Sources */ = {isa = PBXBuildFile; fileRef = CBFA60141ACFFC2D00F0E00E /* UPParcelList.m */; };
		CBFA60191ACFFC4800F0E00E /* UPParcel.m in Sources */ = {isa = PBXBuildFile; fileRef = CBFA60181ACFFC4800F0E00E /* UPParcel.m */; };
		CBFA601D1AD004C500F0E00E /* ParcelListCell.m in Sources */ = {isa = PBXBuildFile; fileRef = CBFA601C1AD004C500F0E00E /* ParcelListCell.m */; };
		CBFA60201AD006C900F0E00E /* ParcelAddViewController.m in Sources */ = {isa = PBXBuildFile; fileRef = CBFA601F1AD006C900F0E00E /* ParcelAddViewController.m */; };
/* End PBXBuildFile section */

/* Begin PBXContainerItemProxy section */
		1AAEBB381ACFE5E200F7919F /* PBXContainerItemProxy */ = {
			isa = PBXContainerItemProxy;
			containerPortal = 1AAEBB131ACFE5E200F7919F /* Project object */;
			proxyType = 1;
			remoteGlobalIDString = 1AAEBB1A1ACFE5E200F7919F;
			remoteInfo = "ukrposhta-tracking";
		};
/* End PBXContainerItemProxy section */

/* Begin PBXFileReference section */
		1A6DA6841ACFE8F4006D3332 /* UPParcelTracker.h */ = {isa = PBXFileReference; fileEncoding = 4; lastKnownFileType = sourcecode.c.h; path = UPParcelTracker.h; sourceTree = "<group>"; };
		1A6DA6851ACFE8F4006D3332 /* UPParcelTracker.m */ = {isa = PBXFileReference; fileEncoding = 4; lastKnownFileType = sourcecode.c.objc; path = UPParcelTracker.m; sourceTree = "<group>"; };
		1A6DA6871ACFEACE006D3332 /* UPParcelTrackerTests.m */ = {isa = PBXFileReference; fileEncoding = 4; lastKnownFileType = sourcecode.c.objc; path = UPParcelTrackerTests.m; sourceTree = "<group>"; };
		1A6DA6891ACFF14B006D3332 /* UPParcelTrackerInfo.h */ = {isa = PBXFileReference; fileEncoding = 4; lastKnownFileType = sourcecode.c.h; path = UPParcelTrackerInfo.h; sourceTree = "<group>"; };
		1A6DA68A1ACFF14B006D3332 /* UPParcelTrackerInfo.m */ = {isa = PBXFileReference; fileEncoding = 4; lastKnownFileType = sourcecode.c.objc; path = UPParcelTrackerInfo.m; sourceTree = "<group>"; };
		1A9783B21AD04CAE008CF2C2 /* XPathQuery.h */ = {isa = PBXFileReference; fileEncoding = 4; lastKnownFileType = sourcecode.c.h; path = XPathQuery.h; sourceTree = "<group>"; };
		1A9783B31AD04CAE008CF2C2 /* XPathQuery.m */ = {isa = PBXFileReference; fileEncoding = 4; lastKnownFileType = sourcecode.c.objc; path = XPathQuery.m; sourceTree = "<group>"; };
		1A9783B51AD04CD4008CF2C2 /* libxml2.dylib */ = {isa = PBXFileReference; lastKnownFileType = "compiled.mach-o.dylib"; name = libxml2.dylib; path = usr/lib/libxml2.dylib; sourceTree = SDKROOT; };
		1AAEBB1B1ACFE5E200F7919F /* ukrposhta-tracking.app */ = {isa = PBXFileReference; explicitFileType = wrapper.application; includeInIndex = 0; path = "ukrposhta-tracking.app"; sourceTree = BUILT_PRODUCTS_DIR; };
		1AAEBB1F1ACFE5E200F7919F /* Info.plist */ = {isa = PBXFileReference; lastKnownFileType = text.plist.xml; path = Info.plist; sourceTree = "<group>"; };
		1AAEBB201ACFE5E200F7919F /* main.m */ = {isa = PBXFileReference; lastKnownFileType = sourcecode.c.objc; path = main.m; sourceTree = "<group>"; };
		1AAEBB221ACFE5E200F7919F /* AppDelegate.h */ = {isa = PBXFileReference; lastKnownFileType = sourcecode.c.h; path = AppDelegate.h; sourceTree = "<group>"; };
		1AAEBB231ACFE5E200F7919F /* AppDelegate.m */ = {isa = PBXFileReference; lastKnownFileType = sourcecode.c.objc; path = AppDelegate.m; sourceTree = "<group>"; };
		1AAEBB251ACFE5E200F7919F /* ParcelListViewController.h */ = {isa = PBXFileReference; lastKnownFileType = sourcecode.c.h; path = ParcelListViewController.h; sourceTree = "<group>"; };
		1AAEBB261ACFE5E200F7919F /* ParcelListViewController.m */ = {isa = PBXFileReference; lastKnownFileType = sourcecode.c.objc; path = ParcelListViewController.m; sourceTree = "<group>"; };
		1AAEBB281ACFE5E200F7919F /* ParcelDetailViewController.h */ = {isa = PBXFileReference; lastKnownFileType = sourcecode.c.h; path = ParcelDetailViewController.h; sourceTree = "<group>"; };
		1AAEBB291ACFE5E200F7919F /* ParcelDetailViewController.m */ = {isa = PBXFileReference; lastKnownFileType = sourcecode.c.objc; path = ParcelDetailViewController.m; sourceTree = "<group>"; };
		1AAEBB2C1ACFE5E200F7919F /* Base */ = {isa = PBXFileReference; lastKnownFileType = file.storyboard; name = Base; path = Base.lproj/Main.storyboard; sourceTree = "<group>"; };
		1AAEBB2E1ACFE5E200F7919F /* Images.xcassets */ = {isa = PBXFileReference; lastKnownFileType = folder.assetcatalog; path = Images.xcassets; sourceTree = "<group>"; };
		1AAEBB311ACFE5E200F7919F /* Base */ = {isa = PBXFileReference; lastKnownFileType = file.xib; name = Base; path = Base.lproj/LaunchScreen.xib; sourceTree = "<group>"; };
		1AAEBB371ACFE5E200F7919F /* ukrposhta-trackingTests.xctest */ = {isa = PBXFileReference; explicitFileType = wrapper.cfbundle; includeInIndex = 0; path = "ukrposhta-trackingTests.xctest"; sourceTree = BUILT_PRODUCTS_DIR; };
		1AAEBB3C1ACFE5E200F7919F /* Info.plist */ = {isa = PBXFileReference; lastKnownFileType = text.plist.xml; path = Info.plist; sourceTree = "<group>"; };
		1AAEBB3D1ACFE5E200F7919F /* ukrposhta_trackingTests.m */ = {isa = PBXFileReference; lastKnownFileType = sourcecode.c.objc; path = ukrposhta_trackingTests.m; sourceTree = "<group>"; };
		CBF4B6C51AD04E400097ABCA /* UPParcelTrackerOperation.h */ = {isa = PBXFileReference; fileEncoding = 4; lastKnownFileType = sourcecode.c.h; path = UPParcelTrackerOperation.h; sourceTree = "<group>"; };
		CBF4B6C61AD04E400097ABCA /* UPParcelTrackerOperation.m */ = {isa = PBXFileReference; fileEncoding = 4; lastKnownFileType = sourcecode.c.objc; path = UPParcelTrackerOperation.m; sourceTree = "<group>"; };
		CBF4B6C81AD04FF00097ABCA /* ParcelOperationCell.h */ = {isa = PBXFileReference; fileEncoding = 4; lastKnownFileType = sourcecode.c.h; path = ParcelOperationCell.h; sourceTree = "<group>"; };
		CBF4B6C91AD04FF00097ABCA /* ParcelOperationCell.m */ = {isa = PBXFileReference; fileEncoding = 4; lastKnownFileType = sourcecode.c.objc; path = ParcelOperationCell.m; sourceTree = "<group>"; };
		CBFA60131ACFFC2D00F0E00E /* UPParcelList.h */ = {isa = PBXFileReference; fileEncoding = 4; lastKnownFileType = sourcecode.c.h; name = UPParcelList.h; path = Model/UPParcelList.h; sourceTree = "<group>"; };
		CBFA60141ACFFC2D00F0E00E /* UPParcelList.m */ = {isa = PBXFileReference; fileEncoding = 4; lastKnownFileType = sourcecode.c.objc; name = UPParcelList.m; path = Model/UPParcelList.m; sourceTree = "<group>"; };
		CBFA60171ACFFC4800F0E00E /* UPParcel.h */ = {isa = PBXFileReference; fileEncoding = 4; lastKnownFileType = sourcecode.c.h; name = UPParcel.h; path = Model/UPParcel.h; sourceTree = "<group>"; };
		CBFA60181ACFFC4800F0E00E /* UPParcel.m */ = {isa = PBXFileReference; fileEncoding = 4; lastKnownFileType = sourcecode.c.objc; name = UPParcel.m; path = Model/UPParcel.m; sourceTree = "<group>"; };
		CBFA601A1AD0041D00F0E00E /* UPParcels.h */ = {isa = PBXFileReference; lastKnownFileType = sourcecode.c.h; path = UPParcels.h; sourceTree = "<group>"; };
		CBFA601B1AD004C500F0E00E /* ParcelListCell.h */ = {isa = PBXFileReference; fileEncoding = 4; lastKnownFileType = sourcecode.c.h; path = ParcelListCell.h; sourceTree = "<group>"; };
		CBFA601C1AD004C500F0E00E /* ParcelListCell.m */ = {isa = PBXFileReference; fileEncoding = 4; lastKnownFileType = sourcecode.c.objc; path = ParcelListCell.m; sourceTree = "<group>"; };
		CBFA601E1AD006C900F0E00E /* ParcelAddViewController.h */ = {isa = PBXFileReference; fileEncoding = 4; lastKnownFileType = sourcecode.c.h; path = ParcelAddViewController.h; sourceTree = "<group>"; };
		CBFA601F1AD006C900F0E00E /* ParcelAddViewController.m */ = {isa = PBXFileReference; fileEncoding = 4; lastKnownFileType = sourcecode.c.objc; path = ParcelAddViewController.m; sourceTree = "<group>"; };
/* End PBXFileReference section */

/* Begin PBXFrameworksBuildPhase section */
		1AAEBB181ACFE5E200F7919F /* Frameworks */ = {
			isa = PBXFrameworksBuildPhase;
			buildActionMask = 2147483647;
			files = (
				1A9783B61AD04CD4008CF2C2 /* libxml2.dylib in Frameworks */,
			);
			runOnlyForDeploymentPostprocessing = 0;
		};
		1AAEBB341ACFE5E200F7919F /* Frameworks */ = {
			isa = PBXFrameworksBuildPhase;
			buildActionMask = 2147483647;
			files = (
			);
			runOnlyForDeploymentPostprocessing = 0;
		};
/* End PBXFrameworksBuildPhase section */

/* Begin PBXGroup section */
		1A6DA6831ACFE8E6006D3332 /* tracker */ = {
			isa = PBXGroup;
			children = (
				1A9783B11AD04CAE008CF2C2 /* XPathQuery */,
				1A6DA6841ACFE8F4006D3332 /* UPParcelTracker.h */,
				1A6DA6851ACFE8F4006D3332 /* UPParcelTracker.m */,
				1A6DA6891ACFF14B006D3332 /* UPParcelTrackerInfo.h */,
				1A6DA68A1ACFF14B006D3332 /* UPParcelTrackerInfo.m */,
				CBF4B6C51AD04E400097ABCA /* UPParcelTrackerOperation.h */,
				CBF4B6C61AD04E400097ABCA /* UPParcelTrackerOperation.m */,
			);
			path = tracker;
			sourceTree = "<group>";
		};
		1A9783B11AD04CAE008CF2C2 /* XPathQuery */ = {
			isa = PBXGroup;
			children = (
				1A9783B21AD04CAE008CF2C2 /* XPathQuery.h */,
				1A9783B31AD04CAE008CF2C2 /* XPathQuery.m */,
			);
			path = XPathQuery;
			sourceTree = "<group>";
		};
		1A9783B71AD04D45008CF2C2 /* Frameworks */ = {
			isa = PBXGroup;
			children = (
				1A9783B51AD04CD4008CF2C2 /* libxml2.dylib */,
			);
			name = Frameworks;
			sourceTree = "<group>";
		};
		1AAEBB121ACFE5E200F7919F = {
			isa = PBXGroup;
			children = (
				1AAEBB1D1ACFE5E200F7919F /* ukrposhta-tracking */,
				1AAEBB3A1ACFE5E200F7919F /* ukrposhta-trackingTests */,
				1A9783B71AD04D45008CF2C2 /* Frameworks */,
				1AAEBB1C1ACFE5E200F7919F /* Products */,
			);
			sourceTree = "<group>";
		};
		1AAEBB1C1ACFE5E200F7919F /* Products */ = {
			isa = PBXGroup;
			children = (
				1AAEBB1B1ACFE5E200F7919F /* ukrposhta-tracking.app */,
				1AAEBB371ACFE5E200F7919F /* ukrposhta-trackingTests.xctest */,
			);
			name = Products;
			sourceTree = "<group>";
		};
		1AAEBB1D1ACFE5E200F7919F /* ukrposhta-tracking */ = {
			isa = PBXGroup;
			children = (
				CBFA60161ACFFC3400F0E00E /* Model */,
				1A6DA6831ACFE8E6006D3332 /* tracker */,
				1AAEBB221ACFE5E200F7919F /* AppDelegate.h */,
				1AAEBB231ACFE5E200F7919F /* AppDelegate.m */,
				1AAEBB251ACFE5E200F7919F /* ParcelListViewController.h */,
				1AAEBB261ACFE5E200F7919F /* ParcelListViewController.m */,
				CBFA601B1AD004C500F0E00E /* ParcelListCell.h */,
				CBFA601C1AD004C500F0E00E /* ParcelListCell.m */,
				CBFA601E1AD006C900F0E00E /* ParcelAddViewController.h */,
				CBFA601F1AD006C900F0E00E /* ParcelAddViewController.m */,
				1AAEBB281ACFE5E200F7919F /* ParcelDetailViewController.h */,
				1AAEBB291ACFE5E200F7919F /* ParcelDetailViewController.m */,
				CBF4B6C81AD04FF00097ABCA /* ParcelOperationCell.h */,
				CBF4B6C91AD04FF00097ABCA /* ParcelOperationCell.m */,
				1AAEBB2B1ACFE5E200F7919F /* Main.storyboard */,
				1AAEBB2E1ACFE5E200F7919F /* Images.xcassets */,
				1AAEBB301ACFE5E200F7919F /* LaunchScreen.xib */,
				1AAEBB1E1ACFE5E200F7919F /* Supporting Files */,
			);
			path = "ukrposhta-tracking";
			sourceTree = "<group>";
		};
		1AAEBB1E1ACFE5E200F7919F /* Supporting Files */ = {
			isa = PBXGroup;
			children = (
				1AAEBB1F1ACFE5E200F7919F /* Info.plist */,
				1AAEBB201ACFE5E200F7919F /* main.m */,
			);
			name = "Supporting Files";
			sourceTree = "<group>";
		};
		1AAEBB3A1ACFE5E200F7919F /* ukrposhta-trackingTests */ = {
			isa = PBXGroup;
			children = (
				1A6DA6871ACFEACE006D3332 /* UPParcelTrackerTests.m */,
				1AAEBB3D1ACFE5E200F7919F /* ukrposhta_trackingTests.m */,
				1AAEBB3B1ACFE5E200F7919F /* Supporting Files */,
			);
			path = "ukrposhta-trackingTests";
			sourceTree = "<group>";
		};
		1AAEBB3B1ACFE5E200F7919F /* Supporting Files */ = {
			isa = PBXGroup;
			children = (
				1AAEBB3C1ACFE5E200F7919F /* Info.plist */,
			);
			name = "Supporting Files";
			sourceTree = "<group>";
		};
		CBFA60161ACFFC3400F0E00E /* Model */ = {
			isa = PBXGroup;
			children = (
				CBFA601A1AD0041D00F0E00E /* UPParcels.h */,
				CBFA60171ACFFC4800F0E00E /* UPParcel.h */,
				CBFA60181ACFFC4800F0E00E /* UPParcel.m */,
				CBFA60131ACFFC2D00F0E00E /* UPParcelList.h */,
				CBFA60141ACFFC2D00F0E00E /* UPParcelList.m */,
			);
			name = Model;
			sourceTree = "<group>";
		};
/* End PBXGroup section */

/* Begin PBXNativeTarget section */
		1AAEBB1A1ACFE5E200F7919F /* ukrposhta-tracking */ = {
			isa = PBXNativeTarget;
			buildConfigurationList = 1AAEBB411ACFE5E200F7919F /* Build configuration list for PBXNativeTarget "ukrposhta-tracking" */;
			buildPhases = (
				1AAEBB171ACFE5E200F7919F /* Sources */,
				1AAEBB181ACFE5E200F7919F /* Frameworks */,
				1AAEBB191ACFE5E200F7919F /* Resources */,
			);
			buildRules = (
			);
			dependencies = (
			);
			name = "ukrposhta-tracking";
			productName = "ukrposhta-tracking";
			productReference = 1AAEBB1B1ACFE5E200F7919F /* ukrposhta-tracking.app */;
			productType = "com.apple.product-type.application";
		};
		1AAEBB361ACFE5E200F7919F /* ukrposhta-trackingTests */ = {
			isa = PBXNativeTarget;
			buildConfigurationList = 1AAEBB441ACFE5E200F7919F /* Build configuration list for PBXNativeTarget "ukrposhta-trackingTests" */;
			buildPhases = (
				1AAEBB331ACFE5E200F7919F /* Sources */,
				1AAEBB341ACFE5E200F7919F /* Frameworks */,
				1AAEBB351ACFE5E200F7919F /* Resources */,
			);
			buildRules = (
			);
			dependencies = (
				1AAEBB391ACFE5E200F7919F /* PBXTargetDependency */,
			);
			name = "ukrposhta-trackingTests";
			productName = "ukrposhta-trackingTests";
			productReference = 1AAEBB371ACFE5E200F7919F /* ukrposhta-trackingTests.xctest */;
			productType = "com.apple.product-type.bundle.unit-test";
		};
/* End PBXNativeTarget section */

/* Begin PBXProject section */
		1AAEBB131ACFE5E200F7919F /* Project object */ = {
			isa = PBXProject;
			attributes = {
				LastUpgradeCheck = 0620;
				ORGANIZATIONNAME = "Tolik Shevchenko";
				TargetAttributes = {
					1AAEBB1A1ACFE5E200F7919F = {
						CreatedOnToolsVersion = 6.2;
						DevelopmentTeam = 96KHWMMBV3;
						SystemCapabilities = {
							com.apple.BackgroundModes = {
								enabled = 1;
							};
						};
					};
					1AAEBB361ACFE5E200F7919F = {
						CreatedOnToolsVersion = 6.2;
						TestTargetID = 1AAEBB1A1ACFE5E200F7919F;
					};
				};
			};
			buildConfigurationList = 1AAEBB161ACFE5E200F7919F /* Build configuration list for PBXProject "ukrposhta-tracking" */;
			compatibilityVersion = "Xcode 3.2";
			developmentRegion = English;
			hasScannedForEncodings = 0;
			knownRegions = (
				en,
				Base,
			);
			mainGroup = 1AAEBB121ACFE5E200F7919F;
			productRefGroup = 1AAEBB1C1ACFE5E200F7919F /* Products */;
			projectDirPath = "";
			projectRoot = "";
			targets = (
				1AAEBB1A1ACFE5E200F7919F /* ukrposhta-tracking */,
				1AAEBB361ACFE5E200F7919F /* ukrposhta-trackingTests */,
			);
		};
/* End PBXProject section */

/* Begin PBXResourcesBuildPhase section */
		1AAEBB191ACFE5E200F7919F /* Resources */ = {
			isa = PBXResourcesBuildPhase;
			buildActionMask = 2147483647;
			files = (
				1AAEBB2D1ACFE5E200F7919F /* Main.storyboard in Resources */,
				1AAEBB321ACFE5E200F7919F /* LaunchScreen.xib in Resources */,
				1AAEBB2F1ACFE5E200F7919F /* Images.xcassets in Resources */,
			);
			runOnlyForDeploymentPostprocessing = 0;
		};
		1AAEBB351ACFE5E200F7919F /* Resources */ = {
			isa = PBXResourcesBuildPhase;
			buildActionMask = 2147483647;
			files = (
			);
			runOnlyForDeploymentPostprocessing = 0;
		};
/* End PBXResourcesBuildPhase section */

/* Begin PBXSourcesBuildPhase section */
		1AAEBB171ACFE5E200F7919F /* Sources */ = {
			isa = PBXSourcesBuildPhase;
			buildActionMask = 2147483647;
			files = (
				CBF4B6CA1AD04FF00097ABCA /* ParcelOperationCell.m in Sources */,
				1AAEBB241ACFE5E200F7919F /* AppDelegate.m in Sources */,
				CBFA601D1AD004C500F0E00E /* ParcelListCell.m in Sources */,
				1A6DA6861ACFE8F4006D3332 /* UPParcelTracker.m in Sources */,
				CBFA60201AD006C900F0E00E /* ParcelAddViewController.m in Sources */,
				CBFA60191ACFFC4800F0E00E /* UPParcel.m in Sources */,
				1A6DA68B1ACFF14B006D3332 /* UPParcelTrackerInfo.m in Sources */,
				1A9783B41AD04CAF008CF2C2 /* XPathQuery.m in Sources */,
				1AAEBB271ACFE5E200F7919F /* ParcelListViewController.m in Sources */,
				CBFA60151ACFFC2D00F0E00E /* UPParcelList.m in Sources */,
				CBF4B6C71AD04E400097ABCA /* UPParcelTrackerOperation.m in Sources */,
				1AAEBB211ACFE5E200F7919F /* main.m in Sources */,
				1AAEBB2A1ACFE5E200F7919F /* ParcelDetailViewController.m in Sources */,
			);
			runOnlyForDeploymentPostprocessing = 0;
		};
		1AAEBB331ACFE5E200F7919F /* Sources */ = {
			isa = PBXSourcesBuildPhase;
			buildActionMask = 2147483647;
			files = (
				1A6DA6881ACFEACE006D3332 /* UPParcelTrackerTests.m in Sources */,
				1AAEBB3E1ACFE5E200F7919F /* ukrposhta_trackingTests.m in Sources */,
			);
			runOnlyForDeploymentPostprocessing = 0;
		};
/* End PBXSourcesBuildPhase section */

/* Begin PBXTargetDependency section */
		1AAEBB391ACFE5E200F7919F /* PBXTargetDependency */ = {
			isa = PBXTargetDependency;
			target = 1AAEBB1A1ACFE5E200F7919F /* ukrposhta-tracking */;
			targetProxy = 1AAEBB381ACFE5E200F7919F /* PBXContainerItemProxy */;
		};
/* End PBXTargetDependency section */

/* Begin PBXVariantGroup section */
		1AAEBB2B1ACFE5E200F7919F /* Main.storyboard */ = {
			isa = PBXVariantGroup;
			children = (
				1AAEBB2C1ACFE5E200F7919F /* Base */,
			);
			name = Main.storyboard;
			sourceTree = "<group>";
		};
		1AAEBB301ACFE5E200F7919F /* LaunchScreen.xib */ = {
			isa = PBXVariantGroup;
			children = (
				1AAEBB311ACFE5E200F7919F /* Base */,
			);
			name = LaunchScreen.xib;
			sourceTree = "<group>";
		};
/* End PBXVariantGroup section */

/* Begin XCBuildConfiguration section */
		1AAEBB3F1ACFE5E200F7919F /* Debug */ = {
			isa = XCBuildConfiguration;
			buildSettings = {
				ALWAYS_SEARCH_USER_PATHS = NO;
				CLANG_CXX_LANGUAGE_STANDARD = "gnu++0x";
				CLANG_CXX_LIBRARY = "libc++";
				CLANG_ENABLE_MODULES = YES;
				CLANG_ENABLE_OBJC_ARC = YES;
				CLANG_WARN_BOOL_CONVERSION = YES;
				CLANG_WARN_CONSTANT_CONVERSION = YES;
				CLANG_WARN_DIRECT_OBJC_ISA_USAGE = YES_ERROR;
				CLANG_WARN_EMPTY_BODY = YES;
				CLANG_WARN_ENUM_CONVERSION = YES;
				CLANG_WARN_INT_CONVERSION = YES;
				CLANG_WARN_OBJC_ROOT_CLASS = YES_ERROR;
				CLANG_WARN_UNREACHABLE_CODE = YES;
				CLANG_WARN__DUPLICATE_METHOD_MATCH = YES;
				"CODE_SIGN_IDENTITY[sdk=iphoneos*]" = "iPhone Developer";
				COPY_PHASE_STRIP = NO;
				ENABLE_STRICT_OBJC_MSGSEND = YES;
				GCC_C_LANGUAGE_STANDARD = gnu99;
				GCC_DYNAMIC_NO_PIC = NO;
				GCC_OPTIMIZATION_LEVEL = 0;
				GCC_PREPROCESSOR_DEFINITIONS = (
					"DEBUG=1",
					"$(inherited)",
				);
				GCC_SYMBOLS_PRIVATE_EXTERN = NO;
				GCC_WARN_64_TO_32_BIT_CONVERSION = YES;
				GCC_WARN_ABOUT_RETURN_TYPE = YES_ERROR;
				GCC_WARN_UNDECLARED_SELECTOR = YES;
				GCC_WARN_UNINITIALIZED_AUTOS = YES_AGGRESSIVE;
				GCC_WARN_UNUSED_FUNCTION = YES;
				GCC_WARN_UNUSED_VARIABLE = YES;
				IPHONEOS_DEPLOYMENT_TARGET = 8.2;
				MTL_ENABLE_DEBUG_INFO = YES;
				ONLY_ACTIVE_ARCH = YES;
				SDKROOT = iphoneos;
			};
			name = Debug;
		};
		1AAEBB401ACFE5E200F7919F /* Release */ = {
			isa = XCBuildConfiguration;
			buildSettings = {
				ALWAYS_SEARCH_USER_PATHS = NO;
				CLANG_CXX_LANGUAGE_STANDARD = "gnu++0x";
				CLANG_CXX_LIBRARY = "libc++";
				CLANG_ENABLE_MODULES = YES;
				CLANG_ENABLE_OBJC_ARC = YES;
				CLANG_WARN_BOOL_CONVERSION = YES;
				CLANG_WARN_CONSTANT_CONVERSION = YES;
				CLANG_WARN_DIRECT_OBJC_ISA_USAGE = YES_ERROR;
				CLANG_WARN_EMPTY_BODY = YES;
				CLANG_WARN_ENUM_CONVERSION = YES;
				CLANG_WARN_INT_CONVERSION = YES;
				CLANG_WARN_OBJC_ROOT_CLASS = YES_ERROR;
				CLANG_WARN_UNREACHABLE_CODE = YES;
				CLANG_WARN__DUPLICATE_METHOD_MATCH = YES;
				"CODE_SIGN_IDENTITY[sdk=iphoneos*]" = "iPhone Developer";
				COPY_PHASE_STRIP = NO;
				ENABLE_NS_ASSERTIONS = NO;
				ENABLE_STRICT_OBJC_MSGSEND = YES;
				GCC_C_LANGUAGE_STANDARD = gnu99;
				GCC_WARN_64_TO_32_BIT_CONVERSION = YES;
				GCC_WARN_ABOUT_RETURN_TYPE = YES_ERROR;
				GCC_WARN_UNDECLARED_SELECTOR = YES;
				GCC_WARN_UNINITIALIZED_AUTOS = YES_AGGRESSIVE;
				GCC_WARN_UNUSED_FUNCTION = YES;
				GCC_WARN_UNUSED_VARIABLE = YES;
				IPHONEOS_DEPLOYMENT_TARGET = 8.2;
				MTL_ENABLE_DEBUG_INFO = NO;
				SDKROOT = iphoneos;
				VALIDATE_PRODUCT = YES;
			};
			name = Release;
		};
		1AAEBB421ACFE5E200F7919F /* Debug */ = {
			isa = XCBuildConfiguration;
			buildSettings = {
				ASSETCATALOG_COMPILER_APPICON_NAME = AppIcon;
				CODE_SIGN_IDENTITY = "iPhone Developer";
				HEADER_SEARCH_PATHS = (
					"$(inherited)",
					"$(SDKROOT)/usr/include/libxml2",
				);
				INFOPLIST_FILE = "ukrposhta-tracking/Info.plist";
				LD_RUNPATH_SEARCH_PATHS = "$(inherited) @executable_path/Frameworks";
				PRODUCT_NAME = "$(TARGET_NAME)";
			};
			name = Debug;
		};
		1AAEBB431ACFE5E200F7919F /* Release */ = {
			isa = XCBuildConfiguration;
			buildSettings = {
				ASSETCATALOG_COMPILER_APPICON_NAME = AppIcon;
				CODE_SIGN_IDENTITY = "iPhone Developer";
				HEADER_SEARCH_PATHS = (
					"$(inherited)",
					"$(SDKROOT)/usr/include/libxml2",
				);
				INFOPLIST_FILE = "ukrposhta-tracking/Info.plist";
				LD_RUNPATH_SEARCH_PATHS = "$(inherited) @executable_path/Frameworks";
				PRODUCT_NAME = "$(TARGET_NAME)";
			};
			name = Release;
		};
		1AAEBB451ACFE5E200F7919F /* Debug */ = {
			isa = XCBuildConfiguration;
			buildSettings = {
				BUNDLE_LOADER = "$(TEST_HOST)";
				FRAMEWORK_SEARCH_PATHS = (
					"$(SDKROOT)/Developer/Library/Frameworks",
					"$(inherited)",
				);
				GCC_PREPROCESSOR_DEFINITIONS = (
					"DEBUG=1",
					"$(inherited)",
				);
				INFOPLIST_FILE = "ukrposhta-trackingTests/Info.plist";
				LD_RUNPATH_SEARCH_PATHS = "$(inherited) @executable_path/Frameworks @loader_path/Frameworks";
				PRODUCT_NAME = "$(TARGET_NAME)";
				TEST_HOST = "$(BUILT_PRODUCTS_DIR)/ukrposhta-tracking.app/ukrposhta-tracking";
			};
			name = Debug;
		};
		1AAEBB461ACFE5E200F7919F /* Release */ = {
			isa = XCBuildConfiguration;
			buildSettings = {
				BUNDLE_LOADER = "$(TEST_HOST)";
				FRAMEWORK_SEARCH_PATHS = (
					"$(SDKROOT)/Developer/Library/Frameworks",
					"$(inherited)",
				);
				INFOPLIST_FILE = "ukrposhta-trackingTests/Info.plist";
				LD_RUNPATH_SEARCH_PATHS = "$(inherited) @executable_path/Frameworks @loader_path/Frameworks";
				PRODUCT_NAME = "$(TARGET_NAME)";
				TEST_HOST = "$(BUILT_PRODUCTS_DIR)/ukrposhta-tracking.app/ukrposhta-tracking";
			};
			name = Release;
		};
/* End XCBuildConfiguration section */

/* Begin XCConfigurationList section */
		1AAEBB161ACFE5E200F7919F /* Build configuration list for PBXProject "ukrposhta-tracking" */ = {
			isa = XCConfigurationList;
			buildConfigurations = (
				1AAEBB3F1ACFE5E200F7919F /* Debug */,
				1AAEBB401ACFE5E200F7919F /* Release */,
			);
			defaultConfigurationIsVisible = 0;
			defaultConfigurationName = Release;
		};
		1AAEBB411ACFE5E200F7919F /* Build configuration list for PBXNativeTarget "ukrposhta-tracking" */ = {
			isa = XCConfigurationList;
			buildConfigurations = (
				1AAEBB421ACFE5E200F7919F /* Debug */,
				1AAEBB431ACFE5E200F7919F /* Release */,
			);
			defaultConfigurationIsVisible = 0;
			defaultConfigurationName = Release;
		};
		1AAEBB441ACFE5E200F7919F /* Build configuration list for PBXNativeTarget "ukrposhta-trackingTests" */ = {
			isa = XCConfigurationList;
			buildConfigurations = (
				1AAEBB451ACFE5E200F7919F /* Debug */,
				1AAEBB461ACFE5E200F7919F /* Release */,
			);
			defaultConfigurationIsVisible = 0;
			defaultConfigurationName = Release;
		};
/* End XCConfigurationList section */
	};
	rootObject = 1AAEBB131ACFE5E200F7919F /* Project object */;
}
